
Microsoft Visual Studio Solution File, Format Version 12.00
# Visual Studio Version 17
VisualStudioVersion = 17.5.33502.453
MinimumVisualStudioVersion = 10.0.40219.1
Project("{FAE04EC0-301F-11D3-BF4B-00C04F79EFBC}") = "Server", "Server\Server.csproj", "{E61D3437-F4DA-459F-8803-F899E322F897}"
EndProject
Project("{FAE04EC0-301F-11D3-BF4B-00C04F79EFBC}") = "PEProtocol", "PEProtocol\PEProtocol.csproj", "{C9E1A844-07D7-48C3-A289-34CE327EBE1A}"
EndProject
Global
	GlobalSection(SolutionConfigurationPlatforms) = preSolution
		Debug|Any CPU = Debug|Any CPU
		Release|Any CPU = Release|Any CPU
	EndGlobalSection
	GlobalSection(ProjectConfigurationPlatforms) = postSolution
		{E61D3437-F4DA-459F-8803-F899E322F897}.Debug|Any CPU.ActiveCfg = Debug|Any CPU
		{E61D3437-F4DA-459F-8803-F899E322F897}.Debug|Any CPU.Build.0 = Debug|Any CPU
		{E61D3437-F4DA-459F-8803-F899E322F897}.Release|Any CPU.ActiveCfg = Release|Any CPU
		{E61D3437-F4DA-459F-8803-F899E322F897}.Release|Any CPU.Build.0 = Release|Any CPU
		{C9E1A844-07D7-48C3-A289-34CE327EBE1A}.Debug|Any CPU.ActiveCfg = Debug|Any CPU
		{C9E1A844-07D7-48C3-A289-34CE327EBE1A}.Debug|Any CPU.Build.0 = Debug|Any CPU
		{C9E1A844-07D7-48C3-A289-34CE327EBE1A}.Release|Any CPU.ActiveCfg = Release|Any CPU
		{C9E1A844-07D7-48C3-A289-34CE327EBE1A}.Release|Any CPU.Build.0 = Release|Any CPU
	EndGlobalSection
	GlobalSection(SolutionProperties) = preSolution
		HideSolutionNode = FALSE
	EndGlobalSection
	GlobalSection(ExtensibilityGlobals) = postSolution
		SolutionGuid = {5A13D120-BC45-43A0-A6E6-423E23857043}
	EndGlobalSection
EndGlobal
